speakeasyVersion: 1.456.0
sources:
    Hatz API:
        sourceNamespace: hatz-api
        sourceRevisionDigest: sha256:fcd5ca1fb8d7b3bfa411d16263d636cafc3a9f1607078ee2adbb4a2b289957cd
        sourceBlobDigest: sha256:46da737547dd17546a83c4a7c5b37e1512ff0e86d3aec03741f3136d565a03be
        tags:
            - latest
            - 0.1.0
targets:
    hatz-ai:
        source: Hatz API
        sourceNamespace: hatz-api
        sourceRevisionDigest: sha256:fcd5ca1fb8d7b3bfa411d16263d636cafc3a9f1607078ee2adbb4a2b289957cd
        sourceBlobDigest: sha256:46da737547dd17546a83c4a7c5b37e1512ff0e86d3aec03741f3136d565a03be
        codeSamplesNamespace: hatz-api-typescript-code-samples
        codeSamplesRevisionDigest: sha256:6aeed45af64357caa8ac4411f73c47518d463cb3bc3ab357320772007ed72cca
workflow:
    workflowVersion: 1.0.0
    speakeasyVersion: latest
    sources:
        Hatz API:
            inputs:
                - location: https://hatz-app-assets.s3.us-east-1.amazonaws.com/api_spec/openapi_spec.json
            overlays:
                - location: .speakeasy/speakeasy-modifications-overlay.yaml
            registry:
                location: registry.speakeasyapi.dev/hatz-ai/general/hatz-api
    targets:
        hatz-ai:
            target: typescript
            source: Hatz API
            publish:
                npm:
                    token: $npm_token
            codeSamples:
                registry:
                    location: registry.speakeasyapi.dev/hatz-ai/general/hatz-api-typescript-code-samples
                blocking: false
