speakeasyVersion: 1.517.3
sources:
    Hatz API:
        sourceNamespace: hatz-api
        sourceRevisionDigest: sha256:737bf9e7cf840126bd3fa2c22fb39faaba6853fbe25a3743238ee05d381dea0d
        sourceBlobDigest: sha256:1e963c754702b892355d6fce490692a53421bf217dec9181cd78c192535f5f20
        tags:
            - latest
            - speakeasy-sdk-regen-1741973505
            - 0.1.0
targets:
    hatz-ai:
        source: Hatz API
        sourceNamespace: hatz-api
        sourceRevisionDigest: sha256:737bf9e7cf840126bd3fa2c22fb39faaba6853fbe25a3743238ee05d381dea0d
        sourceBlobDigest: sha256:1e963c754702b892355d6fce490692a53421bf217dec9181cd78c192535f5f20
        codeSamplesNamespace: hatz-api-typescript-code-samples
        codeSamplesRevisionDigest: sha256:675f9720ae77848226a86f99a96a465cb699921fb87836ede4a0011a5cf9fc04
workflow:
    workflowVersion: 1.0.0
    speakeasyVersion: latest
    sources:
        Hatz API:
            inputs:
                - location: https://hatz-app-assets.s3.us-east-1.amazonaws.com/api_spec/openapi_spec.json
            overlays:
                - location: .speakeasy/speakeasy-modifications-overlay.yaml
            registry:
                location: registry.speakeasyapi.dev/hatz-ai/general/hatz-api
    targets:
        hatz-ai:
            target: typescript
            source: Hatz API
            publish:
                npm:
                    token: $npm_token
            codeSamples:
                registry:
                    location: registry.speakeasyapi.dev/hatz-ai/general/hatz-api-typescript-code-samples
                blocking: false
