speakeasyVersion: 1.456.0
sources:
    Hatz API:
        sourceNamespace: hatz-api
        sourceRevisionDigest: sha256:2b198433062b3aeb37df8e001aa9e0568b308a142986a6bebf9b5e5755af1169
        sourceBlobDigest: sha256:d25794365096d30b02f89641775502c664af17026f4f13575e8dd0109c607971
        tags:
            - latest
            - 0.1.0
targets:
    hatz-ai:
        source: Hatz API
        sourceNamespace: hatz-api
        sourceRevisionDigest: sha256:2b198433062b3aeb37df8e001aa9e0568b308a142986a6bebf9b5e5755af1169
        sourceBlobDigest: sha256:d25794365096d30b02f89641775502c664af17026f4f13575e8dd0109c607971
        codeSamplesNamespace: hatz-api-typescript-code-samples
        codeSamplesRevisionDigest: sha256:41dd3030bb31d6a89558b649fa0c799d0a2f3d3af5eed189c9c90afdda1d69fb
workflow:
    workflowVersion: 1.0.0
    speakeasyVersion: latest
    sources:
        Hatz API:
            inputs:
                - location: ../hatz-api/openapi_spec.json
            overlays:
                - location: .speakeasy/speakeasy-modifications-overlay.yaml
            registry:
                location: registry.speakeasyapi.dev/hatz-ai/general/hatz-api
    targets:
        hatz-ai:
            target: typescript
            source: Hatz API
            codeSamples:
                registry:
                    location: registry.speakeasyapi.dev/hatz-ai/general/hatz-api-typescript-code-samples
                blocking: false
